<?xml version="1.0" encoding="UTF-8"?>
<!DOCTYPE plist PUBLIC "-//Apple//DTD PLIST 1.0//EN" "http://www.apple.com/DTDs/PropertyList-1.0.dtd">
<plist version="1.0">
<dict>
	<key>archiveVersion</key>
	<string>1</string>
	<key>classes</key>
	<dict/>
	<key>objectVersion</key>
	<string>46</string>
	<key>objects</key>
	<dict>
		<key>0DE0E99EA4F84866907A3DF4</key>
		<dict>
			<key>fileRef</key>
			<string>E77BA9F74BFB4CE5A874CD79</string>
			<key>isa</key>
			<string>PBXBuildFile</string>
		</dict>
		<key>34C3B6ABF2D74C3893C63E1E</key>
		<dict>
			<key>buildActionMask</key>
			<string>2147483647</string>
			<key>files</key>
			<array/>
			<key>inputPaths</key>
			<array/>
			<key>isa</key>
			<string>PBXShellScriptBuildPhase</string>
			<key>name</key>
			<string>Check Pods Manifest.lock</string>
			<key>outputPaths</key>
			<array/>
			<key>runOnlyForDeploymentPostprocessing</key>
			<string>0</string>
			<key>shellPath</key>
			<string>/bin/sh</string>
			<key>shellScript</key>
			<string>diff "${PODS_ROOT}/../Podfile.lock" "${PODS_ROOT}/Manifest.lock" &gt; /dev/null
if [[ $? != 0 ]] ; then
    cat &lt;&lt; EOM
error: The sandbox is not in sync with the Podfile.lock. Run 'pod install' or update your CocoaPods installation.
EOM
    exit 1
fi
</string>
			<key>showEnvVarsInLog</key>
			<string>0</string>
		</dict>
		<key>9116BE4A7D574B10A776F9E4</key>
		<dict>
			<key>includeInIndex</key>
			<string>1</string>
			<key>isa</key>
			<string>PBXFileReference</string>
			<key>lastKnownFileType</key>
			<string>text.xcconfig</string>
			<key>name</key>
			<string>Pods.xcconfig</string>
			<key>path</key>
			<string>Pods/Pods.xcconfig</string>
			<key>sourceTree</key>
			<string>&lt;group&gt;</string>
		</dict>
		<key>D2B03BE5831041CDBC358B29</key>
		<dict>
			<key>buildActionMask</key>
			<string>2147483647</string>
			<key>files</key>
			<array/>
			<key>inputPaths</key>
			<array/>
			<key>isa</key>
			<string>PBXShellScriptBuildPhase</string>
			<key>name</key>
			<string>Copy Pods Resources</string>
			<key>outputPaths</key>
			<array/>
			<key>runOnlyForDeploymentPostprocessing</key>
			<string>0</string>
			<key>shellPath</key>
			<string>/bin/sh</string>
			<key>shellScript</key>
			<string>"${SRCROOT}/Pods/Pods-resources.sh"
</string>
			<key>showEnvVarsInLog</key>
			<string>0</string>
		</dict>
		<key>E77BA9F74BFB4CE5A874CD79</key>
		<dict>
			<key>explicitFileType</key>
			<string>archive.ar</string>
			<key>includeInIndex</key>
			<string>0</string>
			<key>isa</key>
			<string>PBXFileReference</string>
			<key>path</key>
			<string>libPods.a</string>
			<key>sourceTree</key>
			<string>BUILT_PRODUCTS_DIR</string>
		</dict>
		<key>F596F50A19262ED500E1EAE4</key>
		<dict>
			<key>children</key>
			<array>
				<string>F596F51C19262ED600E1EAE4</string>
				<string>F596F53B19262ED600E1EAE4</string>
				<string>F596F51519262ED600E1EAE4</string>
				<string>F596F51419262ED600E1EAE4</string>
				<string>9116BE4A7D574B10A776F9E4</string>
			</array>
			<key>isa</key>
			<string>PBXGroup</string>
			<key>sourceTree</key>
			<string>&lt;group&gt;</string>
		</dict>
		<key>F596F50B19262ED500E1EAE4</key>
		<dict>
			<key>attributes</key>
			<dict>
				<key>CLASSPREFIX</key>
				<string>FTA</string>
				<key>LastUpgradeCheck</key>
				<string>0510</string>
				<key>ORGANIZATIONNAME</key>
				<string>Corneliu Chitanu</string>
				<key>TargetAttributes</key>
				<dict>
					<key>F596F53319262ED600E1EAE4</key>
					<dict>
						<key>TestTargetID</key>
						<string>F596F51219262ED600E1EAE4</string>
					</dict>
				</dict>
			</dict>
			<key>buildConfigurationList</key>
			<string>F596F50E19262ED500E1EAE4</string>
			<key>compatibilityVersion</key>
			<string>Xcode 3.2</string>
			<key>developmentRegion</key>
			<string>English</string>
			<key>hasScannedForEncodings</key>
			<string>0</string>
			<key>isa</key>
			<string>PBXProject</string>
			<key>knownRegions</key>
			<array>
				<string>en</string>
				<string>Base</string>
			</array>
			<key>mainGroup</key>
			<string>F596F50A19262ED500E1EAE4</string>
			<key>productRefGroup</key>
			<string>F596F51419262ED600E1EAE4</string>
			<key>projectDirPath</key>
			<string></string>
			<key>projectReferences</key>
			<array/>
			<key>projectRoot</key>
			<string></string>
			<key>targets</key>
			<array>
				<string>F596F51219262ED600E1EAE4</string>
				<string>F596F53319262ED600E1EAE4</string>
			</array>
		</dict>
		<key>F596F50E19262ED500E1EAE4</key>
		<dict>
			<key>buildConfigurations</key>
			<array>
				<string>F596F54319262ED600E1EAE4</string>
				<string>F596F54419262ED600E1EAE4</string>
			</array>
			<key>defaultConfigurationIsVisible</key>
			<string>0</string>
			<key>defaultConfigurationName</key>
			<string>Release</string>
			<key>isa</key>
			<string>XCConfigurationList</string>
		</dict>
		<key>F596F50F19262ED600E1EAE4</key>
		<dict>
			<key>buildActionMask</key>
			<string>2147483647</string>
			<key>files</key>
			<array>
				<string>F596F56F1926306300E1EAE4</string>
				<string>F596F52719262ED600E1EAE4</string>
				<string>F596F57E1926308D00E1EAE4</string>
				<string>F596F5781926308D00E1EAE4</string>
				<string>F596F55D1926304300E1EAE4</string>
				<string>F596F5611926304300E1EAE4</string>
				<string>F596F5621926304300E1EAE4</string>
				<string>F596F55F1926304300E1EAE4</string>
				<string>F596F587192630BC00E1EAE4</string>
				<string>F596F5751926308C00E1EAE4</string>
				<string>F596F52319262ED600E1EAE4</string>
				<string>F596F589192630BC00E1EAE4</string>
				<string>F596F588192630BC00E1EAE4</string>
				<string>F596F5601926304300E1EAE4</string>
				<string>F596F5641926304300E1EAE4</string>
			</array>
			<key>isa</key>
			<string>PBXSourcesBuildPhase</string>
			<key>runOnlyForDeploymentPostprocessing</key>
			<string>0</string>
		</dict>
		<key>F596F51019262ED600E1EAE4</key>
		<dict>
			<key>buildActionMask</key>
			<string>2147483647</string>
			<key>files</key>
			<array>
				<string>F596F51919262ED600E1EAE4</string>
				<string>F596F51B19262ED600E1EAE4</string>
				<string>F596F51719262ED600E1EAE4</string>
				<string>0DE0E99EA4F84866907A3DF4</string>
			</array>
			<key>isa</key>
			<string>PBXFrameworksBuildPhase</string>
			<key>runOnlyForDeploymentPostprocessing</key>
			<string>0</string>
		</dict>
		<key>F596F51119262ED600E1EAE4</key>
		<dict>
			<key>buildActionMask</key>
			<string>2147483647</string>
			<key>files</key>
			<array>
				<string>F596F55E1926304300E1EAE4</string>
				<string>F596F52F19262ED600E1EAE4</string>
				<string>F596F5721926306300E1EAE4</string>
				<string>F596F54C19262FFA00E1EAE4</string>
				<string>F596F5631926304300E1EAE4</string>
				<string>F596F55C1926304300E1EAE4</string>
				<string>F596F5711926306300E1EAE4</string>
				<string>F596F52119262ED600E1EAE4</string>
				<string>F596F5701926306300E1EAE4</string>
			</array>
			<key>isa</key>
			<string>PBXResourcesBuildPhase</string>
			<key>runOnlyForDeploymentPostprocessing</key>
			<string>0</string>
		</dict>
		<key>F596F51219262ED600E1EAE4</key>
		<dict>
			<key>buildConfigurationList</key>
			<string>F596F54519262ED600E1EAE4</string>
			<key>buildPhases</key>
			<array>
				<string>34C3B6ABF2D74C3893C63E1E</string>
				<string>F596F50F19262ED600E1EAE4</string>
				<string>F596F51019262ED600E1EAE4</string>
				<string>F596F51119262ED600E1EAE4</string>
				<string>D2B03BE5831041CDBC358B29</string>
			</array>
			<key>buildRules</key>
			<array/>
			<key>dependencies</key>
			<array/>
			<key>isa</key>
			<string>PBXNativeTarget</string>
			<key>name</key>
			<string>FTASyncDemo</string>
			<key>productName</key>
			<string>FTASyncDemo</string>
			<key>productReference</key>
			<string>F596F51319262ED600E1EAE4</string>
			<key>productType</key>
			<string>com.apple.product-type.application</string>
		</dict>
		<key>F596F51319262ED600E1EAE4</key>
		<dict>
			<key>explicitFileType</key>
			<string>wrapper.application</string>
			<key>includeInIndex</key>
			<string>0</string>
			<key>isa</key>
			<string>PBXFileReference</string>
			<key>path</key>
			<string>FTASyncDemo.app</string>
			<key>sourceTree</key>
			<string>BUILT_PRODUCTS_DIR</string>
		</dict>
		<key>F596F51419262ED600E1EAE4</key>
		<dict>
			<key>children</key>
			<array>
				<string>F596F51319262ED600E1EAE4</string>
				<string>F596F53419262ED600E1EAE4</string>
			</array>
			<key>isa</key>
			<string>PBXGroup</string>
			<key>name</key>
			<string>Products</string>
			<key>sourceTree</key>
			<string>&lt;group&gt;</string>
		</dict>
		<key>F596F51519262ED600E1EAE4</key>
		<dict>
			<key>children</key>
			<array>
				<string>F596F51619262ED600E1EAE4</string>
				<string>F596F51819262ED600E1EAE4</string>
				<string>F596F51A19262ED600E1EAE4</string>
				<string>F596F53519262ED600E1EAE4</string>
				<string>E77BA9F74BFB4CE5A874CD79</string>
			</array>
			<key>isa</key>
			<string>PBXGroup</string>
			<key>name</key>
			<string>Frameworks</string>
			<key>sourceTree</key>
			<string>&lt;group&gt;</string>
		</dict>
		<key>F596F51619262ED600E1EAE4</key>
		<dict>
			<key>isa</key>
			<string>PBXFileReference</string>
			<key>lastKnownFileType</key>
			<string>wrapper.framework</string>
			<key>name</key>
			<string>Foundation.framework</string>
			<key>path</key>
			<string>System/Library/Frameworks/Foundation.framework</string>
			<key>sourceTree</key>
			<string>SDKROOT</string>
		</dict>
		<key>F596F51719262ED600E1EAE4</key>
		<dict>
			<key>fileRef</key>
			<string>F596F51619262ED600E1EAE4</string>
			<key>isa</key>
			<string>PBXBuildFile</string>
		</dict>
		<key>F596F51819262ED600E1EAE4</key>
		<dict>
			<key>isa</key>
			<string>PBXFileReference</string>
			<key>lastKnownFileType</key>
			<string>wrapper.framework</string>
			<key>name</key>
			<string>CoreGraphics.framework</string>
			<key>path</key>
			<string>System/Library/Frameworks/CoreGraphics.framework</string>
			<key>sourceTree</key>
			<string>SDKROOT</string>
		</dict>
		<key>F596F51919262ED600E1EAE4</key>
		<dict>
			<key>fileRef</key>
			<string>F596F51819262ED600E1EAE4</string>
			<key>isa</key>
			<string>PBXBuildFile</string>
		</dict>
		<key>F596F51A19262ED600E1EAE4</key>
		<dict>
			<key>isa</key>
			<string>PBXFileReference</string>
			<key>lastKnownFileType</key>
			<string>wrapper.framework</string>
			<key>name</key>
			<string>UIKit.framework</string>
			<key>path</key>
			<string>System/Library/Frameworks/UIKit.framework</string>
			<key>sourceTree</key>
			<string>SDKROOT</string>
		</dict>
		<key>F596F51B19262ED600E1EAE4</key>
		<dict>
			<key>fileRef</key>
			<string>F596F51A19262ED600E1EAE4</string>
			<key>isa</key>
			<string>PBXBuildFile</string>
		</dict>
		<key>F596F51C19262ED600E1EAE4</key>
		<dict>
			<key>children</key>
			<array>
				<string>F596F57F192630AA00E1EAE4</string>
				<string>F596F5651926306300E1EAE4</string>
				<string>F596F56B1926306300E1EAE4</string>
				<string>F596F52519262ED600E1EAE4</string>
				<string>F596F52619262ED600E1EAE4</string>
				<string>F596F54D1926304300E1EAE4</string>
				<string>F596F54E1926304300E1EAE4</string>
				<string>F596F54F1926304300E1EAE4</string>
				<string>F596F5501926304300E1EAE4</string>
				<string>F596F5511926304300E1EAE4</string>
				<string>F596F5521926304300E1EAE4</string>
				<string>F596F5531926304300E1EAE4</string>
				<string>F596F5541926304300E1EAE4</string>
				<string>F596F5551926304300E1EAE4</string>
				<string>F596F5561926304300E1EAE4</string>
				<string>F596F5571926304300E1EAE4</string>
				<string>F596F5581926304300E1EAE4</string>
				<string>F596F5591926304300E1EAE4</string>
				<string>F596F55A1926304300E1EAE4</string>
				<string>F596F55B1926304300E1EAE4</string>
				<string>F596F52E19262ED600E1EAE4</string>
				<string>F596F51D19262ED600E1EAE4</string>
			</array>
			<key>isa</key>
			<string>PBXGroup</string>
			<key>path</key>
			<string>FTASyncDemo</string>
			<key>sourceTree</key>
			<string>&lt;group&gt;</string>
		</dict>
		<key>F596F51D19262ED600E1EAE4</key>
		<dict>
			<key>children</key>
			<array>
				<string>F596F54B19262FFA00E1EAE4</string>
				<string>F596F51E19262ED600E1EAE4</string>
				<string>F596F51F19262ED600E1EAE4</string>
				<string>F596F52219262ED600E1EAE4</string>
				<string>F596F52419262ED600E1EAE4</string>
			</array>
			<key>isa</key>
			<string>PBXGroup</string>
			<key>name</key>
			<string>Supporting Files</string>
			<key>sourceTree</key>
			<string>&lt;group&gt;</string>
		</dict>
		<key>F596F51E19262ED600E1EAE4</key>
		<dict>
			<key>isa</key>
			<string>PBXFileReference</string>
			<key>lastKnownFileType</key>
			<string>text.plist.xml</string>
			<key>path</key>
			<string>FTASyncDemo-Info.plist</string>
			<key>sourceTree</key>
			<string>&lt;group&gt;</string>
		</dict>
		<key>F596F51F19262ED600E1EAE4</key>
		<dict>
			<key>children</key>
			<array>
				<string>F596F52019262ED600E1EAE4</string>
			</array>
			<key>isa</key>
			<string>PBXVariantGroup</string>
			<key>name</key>
			<string>InfoPlist.strings</string>
			<key>sourceTree</key>
			<string>&lt;group&gt;</string>
		</dict>
		<key>F596F52019262ED600E1EAE4</key>
		<dict>
			<key>isa</key>
			<string>PBXFileReference</string>
			<key>lastKnownFileType</key>
			<string>text.plist.strings</string>
			<key>name</key>
			<string>en</string>
			<key>path</key>
			<string>en.lproj/InfoPlist.strings</string>
			<key>sourceTree</key>
			<string>&lt;group&gt;</string>
		</dict>
		<key>F596F52119262ED600E1EAE4</key>
		<dict>
			<key>fileRef</key>
			<string>F596F51F19262ED600E1EAE4</string>
			<key>isa</key>
			<string>PBXBuildFile</string>
		</dict>
		<key>F596F52219262ED600E1EAE4</key>
		<dict>
			<key>isa</key>
			<string>PBXFileReference</string>
			<key>lastKnownFileType</key>
			<string>sourcecode.c.objc</string>
			<key>path</key>
			<string>main.m</string>
			<key>sourceTree</key>
			<string>&lt;group&gt;</string>
		</dict>
		<key>F596F52319262ED600E1EAE4</key>
		<dict>
			<key>fileRef</key>
			<string>F596F52219262ED600E1EAE4</string>
			<key>isa</key>
			<string>PBXBuildFile</string>
		</dict>
		<key>F596F52419262ED600E1EAE4</key>
		<dict>
			<key>isa</key>
			<string>PBXFileReference</string>
			<key>lastKnownFileType</key>
			<string>sourcecode.c.h</string>
			<key>path</key>
			<string>FTASyncDemo-Prefix.pch</string>
			<key>sourceTree</key>
			<string>&lt;group&gt;</string>
		</dict>
		<key>F596F52519262ED600E1EAE4</key>
		<dict>
			<key>isa</key>
			<string>PBXFileReference</string>
			<key>lastKnownFileType</key>
			<string>sourcecode.c.h</string>
			<key>path</key>
			<string>FTAAppDelegate.h</string>
			<key>sourceTree</key>
			<string>&lt;group&gt;</string>
		</dict>
		<key>F596F52619262ED600E1EAE4</key>
		<dict>
			<key>isa</key>
			<string>PBXFileReference</string>
			<key>lastKnownFileType</key>
			<string>sourcecode.c.objc</string>
			<key>path</key>
			<string>FTAAppDelegate.m</string>
			<key>sourceTree</key>
			<string>&lt;group&gt;</string>
		</dict>
		<key>F596F52719262ED600E1EAE4</key>
		<dict>
			<key>fileRef</key>
			<string>F596F52619262ED600E1EAE4</string>
			<key>isa</key>
			<string>PBXBuildFile</string>
		</dict>
		<key>F596F52E19262ED600E1EAE4</key>
		<dict>
			<key>isa</key>
			<string>PBXFileReference</string>
			<key>lastKnownFileType</key>
			<string>folder.assetcatalog</string>
			<key>path</key>
			<string>Images.xcassets</string>
			<key>sourceTree</key>
			<string>&lt;group&gt;</string>
		</dict>
		<key>F596F52F19262ED600E1EAE4</key>
		<dict>
			<key>fileRef</key>
			<string>F596F52E19262ED600E1EAE4</string>
			<key>isa</key>
			<string>PBXBuildFile</string>
		</dict>
		<key>F596F53019262ED600E1EAE4</key>
		<dict>
			<key>buildActionMask</key>
			<string>2147483647</string>
			<key>files</key>
			<array>
				<string>F596F54219262ED600E1EAE4</string>
			</array>
			<key>isa</key>
			<string>PBXSourcesBuildPhase</string>
			<key>runOnlyForDeploymentPostprocessing</key>
			<string>0</string>
		</dict>
		<key>F596F53119262ED600E1EAE4</key>
		<dict>
			<key>buildActionMask</key>
			<string>2147483647</string>
			<key>files</key>
			<array>
				<string>F596F53619262ED600E1EAE4</string>
				<string>F596F53819262ED600E1EAE4</string>
				<string>F596F53719262ED600E1EAE4</string>
			</array>
			<key>isa</key>
			<string>PBXFrameworksBuildPhase</string>
			<key>runOnlyForDeploymentPostprocessing</key>
			<string>0</string>
		</dict>
		<key>F596F53219262ED600E1EAE4</key>
		<dict>
			<key>buildActionMask</key>
			<string>2147483647</string>
			<key>files</key>
			<array>
				<string>F596F54019262ED600E1EAE4</string>
			</array>
			<key>isa</key>
			<string>PBXResourcesBuildPhase</string>
			<key>runOnlyForDeploymentPostprocessing</key>
			<string>0</string>
		</dict>
		<key>F596F53319262ED600E1EAE4</key>
		<dict>
			<key>buildConfigurationList</key>
			<string>F596F54819262ED600E1EAE4</string>
			<key>buildPhases</key>
			<array>
				<string>F596F53019262ED600E1EAE4</string>
				<string>F596F53119262ED600E1EAE4</string>
				<string>F596F53219262ED600E1EAE4</string>
			</array>
			<key>buildRules</key>
			<array/>
			<key>dependencies</key>
			<array>
				<string>F596F53A19262ED600E1EAE4</string>
			</array>
			<key>isa</key>
			<string>PBXNativeTarget</string>
			<key>name</key>
			<string>FTASyncDemoTests</string>
			<key>productName</key>
			<string>FTASyncDemoTests</string>
			<key>productReference</key>
			<string>F596F53419262ED600E1EAE4</string>
			<key>productType</key>
			<string>com.apple.product-type.bundle.unit-test</string>
		</dict>
		<key>F596F53419262ED600E1EAE4</key>
		<dict>
			<key>explicitFileType</key>
			<string>wrapper.cfbundle</string>
			<key>includeInIndex</key>
			<string>0</string>
			<key>isa</key>
			<string>PBXFileReference</string>
			<key>path</key>
			<string>FTASyncDemoTests.xctest</string>
			<key>sourceTree</key>
			<string>BUILT_PRODUCTS_DIR</string>
		</dict>
		<key>F596F53519262ED600E1EAE4</key>
		<dict>
			<key>isa</key>
			<string>PBXFileReference</string>
			<key>lastKnownFileType</key>
			<string>wrapper.framework</string>
			<key>name</key>
			<string>XCTest.framework</string>
			<key>path</key>
			<string>Library/Frameworks/XCTest.framework</string>
			<key>sourceTree</key>
			<string>DEVELOPER_DIR</string>
		</dict>
		<key>F596F53619262ED600E1EAE4</key>
		<dict>
			<key>fileRef</key>
			<string>F596F53519262ED600E1EAE4</string>
			<key>isa</key>
			<string>PBXBuildFile</string>
		</dict>
		<key>F596F53719262ED600E1EAE4</key>
		<dict>
			<key>fileRef</key>
			<string>F596F51619262ED600E1EAE4</string>
			<key>isa</key>
			<string>PBXBuildFile</string>
		</dict>
		<key>F596F53819262ED600E1EAE4</key>
		<dict>
			<key>fileRef</key>
			<string>F596F51A19262ED600E1EAE4</string>
			<key>isa</key>
			<string>PBXBuildFile</string>
		</dict>
		<key>F596F53919262ED600E1EAE4</key>
		<dict>
			<key>containerPortal</key>
			<string>F596F50B19262ED500E1EAE4</string>
			<key>isa</key>
			<string>PBXContainerItemProxy</string>
			<key>proxyType</key>
			<string>1</string>
			<key>remoteGlobalIDString</key>
			<string>F596F51219262ED600E1EAE4</string>
			<key>remoteInfo</key>
			<string>FTASyncDemo</string>
		</dict>
		<key>F596F53A19262ED600E1EAE4</key>
		<dict>
			<key>isa</key>
			<string>PBXTargetDependency</string>
			<key>target</key>
			<string>F596F51219262ED600E1EAE4</string>
			<key>targetProxy</key>
			<string>F596F53919262ED600E1EAE4</string>
		</dict>
		<key>F596F53B19262ED600E1EAE4</key>
		<dict>
			<key>children</key>
			<array>
				<string>F596F54119262ED600E1EAE4</string>
				<string>F596F53C19262ED600E1EAE4</string>
			</array>
			<key>isa</key>
			<string>PBXGroup</string>
			<key>path</key>
			<string>FTASyncDemoTests</string>
			<key>sourceTree</key>
			<string>&lt;group&gt;</string>
		</dict>
		<key>F596F53C19262ED600E1EAE4</key>
		<dict>
			<key>children</key>
			<array>
				<string>F596F53D19262ED600E1EAE4</string>
				<string>F596F53E19262ED600E1EAE4</string>
			</array>
			<key>isa</key>
			<string>PBXGroup</string>
			<key>name</key>
			<string>Supporting Files</string>
			<key>sourceTree</key>
			<string>&lt;group&gt;</string>
		</dict>
		<key>F596F53D19262ED600E1EAE4</key>
		<dict>
			<key>isa</key>
			<string>PBXFileReference</string>
			<key>lastKnownFileType</key>
			<string>text.plist.xml</string>
			<key>path</key>
			<string>FTASyncDemoTests-Info.plist</string>
			<key>sourceTree</key>
			<string>&lt;group&gt;</string>
		</dict>
		<key>F596F53E19262ED600E1EAE4</key>
		<dict>
			<key>children</key>
			<array>
				<string>F596F53F19262ED600E1EAE4</string>
			</array>
			<key>isa</key>
			<string>PBXVariantGroup</string>
			<key>name</key>
			<string>InfoPlist.strings</string>
			<key>sourceTree</key>
			<string>&lt;group&gt;</string>
		</dict>
		<key>F596F53F19262ED600E1EAE4</key>
		<dict>
			<key>isa</key>
			<string>PBXFileReference</string>
			<key>lastKnownFileType</key>
			<string>text.plist.strings</string>
			<key>name</key>
			<string>en</string>
			<key>path</key>
			<string>en.lproj/InfoPlist.strings</string>
			<key>sourceTree</key>
			<string>&lt;group&gt;</string>
		</dict>
		<key>F596F54019262ED600E1EAE4</key>
		<dict>
			<key>fileRef</key>
			<string>F596F53E19262ED600E1EAE4</string>
			<key>isa</key>
			<string>PBXBuildFile</string>
		</dict>
		<key>F596F54119262ED600E1EAE4</key>
		<dict>
			<key>isa</key>
			<string>PBXFileReference</string>
			<key>lastKnownFileType</key>
			<string>sourcecode.c.objc</string>
			<key>path</key>
			<string>FTASyncDemoTests.m</string>
			<key>sourceTree</key>
			<string>&lt;group&gt;</string>
		</dict>
		<key>F596F54219262ED600E1EAE4</key>
		<dict>
			<key>fileRef</key>
			<string>F596F54119262ED600E1EAE4</string>
			<key>isa</key>
			<string>PBXBuildFile</string>
		</dict>
		<key>F596F54319262ED600E1EAE4</key>
		<dict>
			<key>buildSettings</key>
			<dict>
				<key>ALWAYS_SEARCH_USER_PATHS</key>
				<string>NO</string>
				<key>CLANG_CXX_LANGUAGE_STANDARD</key>
				<string>gnu++0x</string>
				<key>CLANG_CXX_LIBRARY</key>
				<string>libc++</string>
				<key>CLANG_ENABLE_MODULES</key>
				<string>YES</string>
				<key>CLANG_ENABLE_OBJC_ARC</key>
				<string>YES</string>
				<key>CLANG_WARN_BOOL_CONVERSION</key>
				<string>YES</string>
				<key>CLANG_WARN_CONSTANT_CONVERSION</key>
				<string>YES</string>
				<key>CLANG_WARN_DIRECT_OBJC_ISA_USAGE</key>
				<string>YES_ERROR</string>
				<key>CLANG_WARN_EMPTY_BODY</key>
				<string>YES</string>
				<key>CLANG_WARN_ENUM_CONVERSION</key>
				<string>YES</string>
				<key>CLANG_WARN_INT_CONVERSION</key>
				<string>YES</string>
				<key>CLANG_WARN_OBJC_ROOT_CLASS</key>
				<string>YES_ERROR</string>
				<key>CLANG_WARN__DUPLICATE_METHOD_MATCH</key>
				<string>YES</string>
				<key>CODE_SIGN_IDENTITY[sdk=iphoneos*]</key>
				<string>iPhone Developer</string>
				<key>COPY_PHASE_STRIP</key>
				<string>NO</string>
				<key>GCC_C_LANGUAGE_STANDARD</key>
				<string>gnu99</string>
				<key>GCC_DYNAMIC_NO_PIC</key>
				<string>NO</string>
				<key>GCC_OPTIMIZATION_LEVEL</key>
				<string>0</string>
				<key>GCC_PREPROCESSOR_DEFINITIONS</key>
				<array>
					<string>DEBUG=1</string>
					<string>$(inherited)</string>
				</array>
				<key>GCC_SYMBOLS_PRIVATE_EXTERN</key>
				<string>NO</string>
				<key>GCC_WARN_64_TO_32_BIT_CONVERSION</key>
				<string>YES</string>
				<key>GCC_WARN_ABOUT_RETURN_TYPE</key>
				<string>YES_ERROR</string>
				<key>GCC_WARN_UNDECLARED_SELECTOR</key>
				<string>YES</string>
				<key>GCC_WARN_UNINITIALIZED_AUTOS</key>
				<string>YES_AGGRESSIVE</string>
				<key>GCC_WARN_UNUSED_FUNCTION</key>
				<string>YES</string>
				<key>GCC_WARN_UNUSED_VARIABLE</key>
				<string>YES</string>
				<key>IPHONEOS_DEPLOYMENT_TARGET</key>
				<string>7.1</string>
				<key>ONLY_ACTIVE_ARCH</key>
				<string>YES</string>
				<key>SDKROOT</key>
				<string>iphoneos</string>
			</dict>
			<key>isa</key>
			<string>XCBuildConfiguration</string>
			<key>name</key>
			<string>Debug</string>
		</dict>
		<key>F596F54419262ED600E1EAE4</key>
		<dict>
			<key>buildSettings</key>
			<dict>
				<key>ALWAYS_SEARCH_USER_PATHS</key>
				<string>NO</string>
				<key>CLANG_CXX_LANGUAGE_STANDARD</key>
				<string>gnu++0x</string>
				<key>CLANG_CXX_LIBRARY</key>
				<string>libc++</string>
				<key>CLANG_ENABLE_MODULES</key>
				<string>YES</string>
				<key>CLANG_ENABLE_OBJC_ARC</key>
				<string>YES</string>
				<key>CLANG_WARN_BOOL_CONVERSION</key>
				<string>YES</string>
				<key>CLANG_WARN_CONSTANT_CONVERSION</key>
				<string>YES</string>
				<key>CLANG_WARN_DIRECT_OBJC_ISA_USAGE</key>
				<string>YES_ERROR</string>
				<key>CLANG_WARN_EMPTY_BODY</key>
				<string>YES</string>
				<key>CLANG_WARN_ENUM_CONVERSION</key>
				<string>YES</string>
				<key>CLANG_WARN_INT_CONVERSION</key>
				<string>YES</string>
				<key>CLANG_WARN_OBJC_ROOT_CLASS</key>
				<string>YES_ERROR</string>
				<key>CLANG_WARN__DUPLICATE_METHOD_MATCH</key>
				<string>YES</string>
				<key>CODE_SIGN_IDENTITY[sdk=iphoneos*]</key>
				<string>iPhone Developer</string>
				<key>COPY_PHASE_STRIP</key>
				<string>YES</string>
				<key>ENABLE_NS_ASSERTIONS</key>
				<string>NO</string>
				<key>GCC_C_LANGUAGE_STANDARD</key>
				<string>gnu99</string>
				<key>GCC_WARN_64_TO_32_BIT_CONVERSION</key>
				<string>YES</string>
				<key>GCC_WARN_ABOUT_RETURN_TYPE</key>
				<string>YES_ERROR</string>
				<key>GCC_WARN_UNDECLARED_SELECTOR</key>
				<string>YES</string>
				<key>GCC_WARN_UNINITIALIZED_AUTOS</key>
				<string>YES_AGGRESSIVE</string>
				<key>GCC_WARN_UNUSED_FUNCTION</key>
				<string>YES</string>
				<key>GCC_WARN_UNUSED_VARIABLE</key>
				<string>YES</string>
				<key>IPHONEOS_DEPLOYMENT_TARGET</key>
				<string>7.1</string>
				<key>SDKROOT</key>
				<string>iphoneos</string>
				<key>VALIDATE_PRODUCT</key>
				<string>YES</string>
			</dict>
			<key>isa</key>
			<string>XCBuildConfiguration</string>
			<key>name</key>
			<string>Release</string>
		</dict>
		<key>F596F54519262ED600E1EAE4</key>
		<dict>
			<key>buildConfigurations</key>
			<array>
				<string>F596F54619262ED600E1EAE4</string>
				<string>F596F54719262ED600E1EAE4</string>
			</array>
			<key>defaultConfigurationIsVisible</key>
			<string>0</string>
			<key>defaultConfigurationName</key>
			<string>Release</string>
			<key>isa</key>
			<string>XCConfigurationList</string>
		</dict>
		<key>F596F54619262ED600E1EAE4</key>
		<dict>
			<key>baseConfigurationReference</key>
			<string>9116BE4A7D574B10A776F9E4</string>
			<key>buildSettings</key>
			<dict>
				<key>ASSETCATALOG_COMPILER_APPICON_NAME</key>
				<string>AppIcon</string>
				<key>ASSETCATALOG_COMPILER_LAUNCHIMAGE_NAME</key>
				<string>LaunchImage</string>
				<key>GCC_PRECOMPILE_PREFIX_HEADER</key>
				<string>YES</string>
				<key>GCC_PREFIX_HEADER</key>
				<string>FTASyncDemo/FTASyncDemo-Prefix.pch</string>
				<key>INFOPLIST_FILE</key>
				<string>FTASyncDemo/FTASyncDemo-Info.plist</string>
				<key>PRODUCT_NAME</key>
				<string>$(TARGET_NAME)</string>
				<key>WRAPPER_EXTENSION</key>
				<string>app</string>
			</dict>
			<key>isa</key>
			<string>XCBuildConfiguration</string>
			<key>name</key>
			<string>Debug</string>
		</dict>
		<key>F596F54719262ED600E1EAE4</key>
		<dict>
			<key>baseConfigurationReference</key>
			<string>9116BE4A7D574B10A776F9E4</string>
			<key>buildSettings</key>
			<dict>
				<key>ASSETCATALOG_COMPILER_APPICON_NAME</key>
				<string>AppIcon</string>
				<key>ASSETCATALOG_COMPILER_LAUNCHIMAGE_NAME</key>
				<string>LaunchImage</string>
				<key>GCC_PRECOMPILE_PREFIX_HEADER</key>
				<string>YES</string>
				<key>GCC_PREFIX_HEADER</key>
				<string>FTASyncDemo/FTASyncDemo-Prefix.pch</string>
				<key>INFOPLIST_FILE</key>
				<string>FTASyncDemo/FTASyncDemo-Info.plist</string>
				<key>PRODUCT_NAME</key>
				<string>$(TARGET_NAME)</string>
				<key>WRAPPER_EXTENSION</key>
				<string>app</string>
			</dict>
			<key>isa</key>
			<string>XCBuildConfiguration</string>
			<key>name</key>
			<string>Release</string>
		</dict>
		<key>F596F54819262ED600E1EAE4</key>
		<dict>
			<key>buildConfigurations</key>
			<array>
				<string>F596F54919262ED600E1EAE4</string>
				<string>F596F54A19262ED600E1EAE4</string>
			</array>
			<key>defaultConfigurationIsVisible</key>
			<string>0</string>
			<key>defaultConfigurationName</key>
			<string>Release</string>
			<key>isa</key>
			<string>XCConfigurationList</string>
		</dict>
		<key>F596F54919262ED600E1EAE4</key>
		<dict>
			<key>buildSettings</key>
			<dict>
				<key>BUNDLE_LOADER</key>
				<string>$(BUILT_PRODUCTS_DIR)/FTASyncDemo.app/FTASyncDemo</string>
				<key>FRAMEWORK_SEARCH_PATHS</key>
				<array>
					<string>$(SDKROOT)/Developer/Library/Frameworks</string>
					<string>$(inherited)</string>
					<string>$(DEVELOPER_FRAMEWORKS_DIR)</string>
				</array>
				<key>GCC_PRECOMPILE_PREFIX_HEADER</key>
				<string>YES</string>
				<key>GCC_PREFIX_HEADER</key>
				<string>FTASyncDemo/FTASyncDemo-Prefix.pch</string>
				<key>GCC_PREPROCESSOR_DEFINITIONS</key>
				<array>
					<string>DEBUG=1</string>
					<string>$(inherited)</string>
				</array>
				<key>INFOPLIST_FILE</key>
				<string>FTASyncDemoTests/FTASyncDemoTests-Info.plist</string>
				<key>PRODUCT_NAME</key>
				<string>$(TARGET_NAME)</string>
				<key>TEST_HOST</key>
				<string>$(BUNDLE_LOADER)</string>
				<key>WRAPPER_EXTENSION</key>
				<string>xctest</string>
			</dict>
			<key>isa</key>
			<string>XCBuildConfiguration</string>
			<key>name</key>
			<string>Debug</string>
		</dict>
		<key>F596F54A19262ED600E1EAE4</key>
		<dict>
			<key>buildSettings</key>
			<dict>
				<key>BUNDLE_LOADER</key>
				<string>$(BUILT_PRODUCTS_DIR)/FTASyncDemo.app/FTASyncDemo</string>
				<key>FRAMEWORK_SEARCH_PATHS</key>
				<array>
					<string>$(SDKROOT)/Developer/Library/Frameworks</string>
					<string>$(inherited)</string>
					<string>$(DEVELOPER_FRAMEWORKS_DIR)</string>
				</array>
				<key>GCC_PRECOMPILE_PREFIX_HEADER</key>
				<string>YES</string>
				<key>GCC_PREFIX_HEADER</key>
				<string>FTASyncDemo/FTASyncDemo-Prefix.pch</string>
				<key>INFOPLIST_FILE</key>
				<string>FTASyncDemoTests/FTASyncDemoTests-Info.plist</string>
				<key>PRODUCT_NAME</key>
				<string>$(TARGET_NAME)</string>
				<key>TEST_HOST</key>
				<string>$(BUNDLE_LOADER)</string>
				<key>WRAPPER_EXTENSION</key>
				<string>xctest</string>
			</dict>
			<key>isa</key>
			<string>XCBuildConfiguration</string>
			<key>name</key>
			<string>Release</string>
		</dict>
		<key>F596F54B19262FFA00E1EAE4</key>
		<dict>
			<key>fileEncoding</key>
			<string>4</string>
			<key>isa</key>
			<string>PBXFileReference</string>
			<key>lastKnownFileType</key>
			<string>text.plist.xml</string>
			<key>path</key>
			<string>DefaultPrefs.plist</string>
			<key>sourceTree</key>
			<string>&lt;group&gt;</string>
		</dict>
		<key>F596F54C19262FFA00E1EAE4</key>
		<dict>
			<key>fileRef</key>
			<string>F596F54B19262FFA00E1EAE4</string>
			<key>isa</key>
			<string>PBXBuildFile</string>
		</dict>
		<key>F596F54D1926304300E1EAE4</key>
		<dict>
			<key>fileEncoding</key>
			<string>4</string>
			<key>isa</key>
			<string>PBXFileReference</string>
			<key>lastKnownFileType</key>
			<string>file.xib</string>
			<key>path</key>
			<string>FTAMainWindow.xib</string>
			<key>sourceTree</key>
			<string>&lt;group&gt;</string>
		</dict>
		<key>F596F54E1926304300E1EAE4</key>
		<dict>
			<key>fileEncoding</key>
			<string>4</string>
			<key>isa</key>
			<string>PBXFileReference</string>
			<key>lastKnownFileType</key>
			<string>sourcecode.c.h</string>
			<key>path</key>
			<string>FTAPersonDetailViewController.h</string>
			<key>sourceTree</key>
			<string>&lt;group&gt;</string>
		</dict>
		<key>F596F54F1926304300E1EAE4</key>
		<dict>
			<key>fileEncoding</key>
			<string>4</string>
			<key>isa</key>
			<string>PBXFileReference</string>
			<key>lastKnownFileType</key>
			<string>sourcecode.c.objc</string>
			<key>path</key>
			<string>FTAPersonDetailViewController.m</string>
			<key>sourceTree</key>
			<string>&lt;group&gt;</string>
		</dict>
		<key>F596F5501926304300E1EAE4</key>
		<dict>
			<key>fileEncoding</key>
			<string>4</string>
			<key>isa</key>
			<string>PBXFileReference</string>
			<key>lastKnownFileType</key>
			<string>file.xib</string>
			<key>path</key>
			<string>FTAPersonDetailViewController.xib</string>
			<key>sourceTree</key>
			<string>&lt;group&gt;</string>
		</dict>
		<key>F596F5511926304300E1EAE4</key>
		<dict>
			<key>fileEncoding</key>
			<string>4</string>
			<key>isa</key>
			<string>PBXFileReference</string>
			<key>lastKnownFileType</key>
			<string>sourcecode.c.h</string>
			<key>path</key>
			<string>FTAPersonTableViewController.h</string>
			<key>sourceTree</key>
			<string>&lt;group&gt;</string>
		</dict>
		<key>F596F5521926304300E1EAE4</key>
		<dict>
			<key>fileEncoding</key>
			<string>4</string>
			<key>isa</key>
			<string>PBXFileReference</string>
			<key>lastKnownFileType</key>
			<string>sourcecode.c.objc</string>
			<key>path</key>
			<string>FTAPersonTableViewController.m</string>
			<key>sourceTree</key>
			<string>&lt;group&gt;</string>
		</dict>
		<key>F596F5531926304300E1EAE4</key>
		<dict>
			<key>fileEncoding</key>
			<string>4</string>
			<key>isa</key>
			<string>PBXFileReference</string>
			<key>lastKnownFileType</key>
			<string>sourcecode.c.h</string>
			<key>path</key>
			<string>FTASelectionTableViewController.h</string>
			<key>sourceTree</key>
			<string>&lt;group&gt;</string>
		</dict>
		<key>F596F5541926304300E1EAE4</key>
		<dict>
			<key>fileEncoding</key>
			<string>4</string>
			<key>isa</key>
			<string>PBXFileReference</string>
			<key>lastKnownFileType</key>
			<string>sourcecode.c.objc</string>
			<key>path</key>
			<string>FTASelectionTableViewController.m</string>
			<key>sourceTree</key>
			<string>&lt;group&gt;</string>
		</dict>
		<key>F596F5551926304300E1EAE4</key>
		<dict>
			<key>fileEncoding</key>
			<string>4</string>
			<key>isa</key>
			<string>PBXFileReference</string>
			<key>lastKnownFileType</key>
			<string>sourcecode.c.h</string>
			<key>path</key>
			<string>FTASetupViewController.h</string>
			<key>sourceTree</key>
			<string>&lt;group&gt;</string>
		</dict>
		<key>F596F5561926304300E1EAE4</key>
		<dict>
			<key>fileEncoding</key>
			<string>4</string>
			<key>isa</key>
			<string>PBXFileReference</string>
			<key>lastKnownFileType</key>
			<string>sourcecode.c.objc</string>
			<key>path</key>
			<string>FTASetupViewController.m</string>
			<key>sourceTree</key>
			<string>&lt;group&gt;</string>
		</dict>
		<key>F596F5571926304300E1EAE4</key>
		<dict>
			<key>fileEncoding</key>
			<string>4</string>
			<key>isa</key>
			<string>PBXFileReference</string>
			<key>lastKnownFileType</key>
			<string>sourcecode.c.h</string>
			<key>path</key>
			<string>FTAToDoDetailViewController.h</string>
			<key>sourceTree</key>
			<string>&lt;group&gt;</string>
		</dict>
		<key>F596F5581926304300E1EAE4</key>
		<dict>
			<key>fileEncoding</key>
			<string>4</string>
			<key>isa</key>
			<string>PBXFileReference</string>
			<key>lastKnownFileType</key>
			<string>sourcecode.c.objc</string>
			<key>path</key>
			<string>FTAToDoDetailViewController.m</string>
			<key>sourceTree</key>
			<string>&lt;group&gt;</string>
		</dict>
		<key>F596F5591926304300E1EAE4</key>
		<dict>
			<key>fileEncoding</key>
			<string>4</string>
			<key>isa</key>
			<string>PBXFileReference</string>
			<key>lastKnownFileType</key>
			<string>file.xib</string>
			<key>path</key>
			<string>FTAToDoDetailViewController.xib</string>
			<key>sourceTree</key>
			<string>&lt;group&gt;</string>
		</dict>
		<key>F596F55A1926304300E1EAE4</key>
		<dict>
			<key>fileEncoding</key>
			<string>4</string>
			<key>isa</key>
			<string>PBXFileReference</string>
			<key>lastKnownFileType</key>
			<string>sourcecode.c.h</string>
			<key>path</key>
			<string>FTAToDoTableViewController.h</string>
			<key>sourceTree</key>
			<string>&lt;group&gt;</string>
		</dict>
		<key>F596F55B1926304300E1EAE4</key>
		<dict>
			<key>fileEncoding</key>
			<string>4</string>
			<key>isa</key>
			<string>PBXFileReference</string>
			<key>lastKnownFileType</key>
			<string>sourcecode.c.objc</string>
			<key>path</key>
			<string>FTAToDoTableViewController.m</string>
			<key>sourceTree</key>
			<string>&lt;group&gt;</string>
		</dict>
		<key>F596F55C1926304300E1EAE4</key>
		<dict>
			<key>fileRef</key>
			<string>F596F54D1926304300E1EAE4</string>
			<key>isa</key>
			<string>PBXBuildFile</string>
		</dict>
		<key>F596F55D1926304300E1EAE4</key>
		<dict>
			<key>fileRef</key>
			<string>F596F54F1926304300E1EAE4</string>
			<key>isa</key>
			<string>PBXBuildFile</string>
		</dict>
		<key>F596F55E1926304300E1EAE4</key>
		<dict>
			<key>fileRef</key>
			<string>F596F5501926304300E1EAE4</string>
			<key>isa</key>
			<string>PBXBuildFile</string>
		</dict>
		<key>F596F55F1926304300E1EAE4</key>
		<dict>
			<key>fileRef</key>
			<string>F596F5521926304300E1EAE4</string>
			<key>isa</key>
			<string>PBXBuildFile</string>
		</dict>
		<key>F596F5601926304300E1EAE4</key>
		<dict>
			<key>fileRef</key>
			<string>F596F5541926304300E1EAE4</string>
			<key>isa</key>
			<string>PBXBuildFile</string>
		</dict>
		<key>F596F5611926304300E1EAE4</key>
		<dict>
			<key>fileRef</key>
			<string>F596F5561926304300E1EAE4</string>
			<key>isa</key>
			<string>PBXBuildFile</string>
		</dict>
		<key>F596F5621926304300E1EAE4</key>
		<dict>
			<key>fileRef</key>
			<string>F596F5581926304300E1EAE4</string>
			<key>isa</key>
			<string>PBXBuildFile</string>
		</dict>
		<key>F596F5631926304300E1EAE4</key>
		<dict>
			<key>fileRef</key>
			<string>F596F5591926304300E1EAE4</string>
			<key>isa</key>
			<string>PBXBuildFile</string>
		</dict>
		<key>F596F5641926304300E1EAE4</key>
		<dict>
			<key>fileRef</key>
			<string>F596F55B1926304300E1EAE4</string>
			<key>isa</key>
			<string>PBXBuildFile</string>
		</dict>
		<key>F596F5651926306300E1EAE4</key>
		<dict>
			<key>children</key>
			<array>
				<string>F596F5661926306300E1EAE4</string>
				<string>F596F57C1926308D00E1EAE4</string>
				<string>F596F57D1926308D00E1EAE4</string>
				<string>F596F5761926308D00E1EAE4</string>
				<string>F596F5771926308D00E1EAE4</string>
				<string>F596F5731926308C00E1EAE4</string>
				<string>F596F5741926308C00E1EAE4</string>
			</array>
			<key>isa</key>
			<string>PBXGroup</string>
			<key>path</key>
			<string>DataClasses</string>
			<key>sourceTree</key>
			<string>&lt;group&gt;</string>
		</dict>
		<key>F596F5661926306300E1EAE4</key>
		<dict>
			<key>children</key>
			<array>
				<string>F596F5671926306300E1EAE4</string>
				<string>F596F5681926306300E1EAE4</string>
				<string>F596F5691926306300E1EAE4</string>
				<string>F596F56A1926306300E1EAE4</string>
			</array>
			<key>currentVersion</key>
			<string>F596F56A1926306300E1EAE4</string>
			<key>isa</key>
			<string>XCVersionGroup</string>
			<key>path</key>
			<string>FTASyncDemo.xcdatamodeld</string>
			<key>sourceTree</key>
			<string>&lt;group&gt;</string>
			<key>versionGroupType</key>
			<string>wrapper.xcdatamodel</string>
		</dict>
		<key>F596F5671926306300E1EAE4</key>
		<dict>
			<key>isa</key>
			<string>PBXFileReference</string>
			<key>lastKnownFileType</key>
			<string>wrapper.xcdatamodel</string>
			<key>path</key>
			<string>FTASyncDemo.xcdatamodel</string>
			<key>sourceTree</key>
			<string>&lt;group&gt;</string>
		</dict>
		<key>F596F5681926306300E1EAE4</key>
		<dict>
			<key>isa</key>
			<string>PBXFileReference</string>
			<key>lastKnownFileType</key>
			<string>wrapper.xcdatamodel</string>
			<key>path</key>
			<string>FTASyncDemo1.xcdatamodel</string>
			<key>sourceTree</key>
			<string>&lt;group&gt;</string>
		</dict>
		<key>F596F5691926306300E1EAE4</key>
		<dict>
			<key>isa</key>
			<string>PBXFileReference</string>
			<key>lastKnownFileType</key>
			<string>wrapper.xcdatamodel</string>
			<key>path</key>
			<string>FTASyncDemo2.xcdatamodel</string>
			<key>sourceTree</key>
			<string>&lt;group&gt;</string>
		</dict>
		<key>F596F56A1926306300E1EAE4</key>
		<dict>
			<key>isa</key>
			<string>PBXFileReference</string>
			<key>lastKnownFileType</key>
			<string>wrapper.xcdatamodel</string>
			<key>path</key>
			<string>FTASyncDemo3.xcdatamodel</string>
			<key>sourceTree</key>
			<string>&lt;group&gt;</string>
		</dict>
		<key>F596F56B1926306300E1EAE4</key>
		<dict>
			<key>children</key>
			<array>
				<string>F596F56C1926306300E1EAE4</string>
				<string>F596F56D1926306300E1EAE4</string>
				<string>F596F56E1926306300E1EAE4</string>
			</array>
			<key>isa</key>
			<string>PBXGroup</string>
			<key>path</key>
			<string>Resources</string>
			<key>sourceTree</key>
			<string>&lt;group&gt;</string>
		</dict>
		<key>F596F56C1926306300E1EAE4</key>
		<dict>
			<key>isa</key>
			<string>PBXFileReference</string>
			<key>lastKnownFileType</key>
			<string>image.png</string>
			<key>path</key>
			<string>preview.png</string>
			<key>sourceTree</key>
			<string>&lt;group&gt;</string>
		</dict>
		<key>F596F56D1926306300E1EAE4</key>
		<dict>
			<key>isa</key>
			<string>PBXFileReference</string>
			<key>lastKnownFileType</key>
			<string>image.png</string>
			<key>path</key>
			<string>setup.png</string>
			<key>sourceTree</key>
			<string>&lt;group&gt;</string>
		</dict>
		<key>F596F56E1926306300E1EAE4</key>
		<dict>
			<key>isa</key>
			<string>PBXFileReference</string>
			<key>lastKnownFileType</key>
			<string>image.png</string>
			<key>path</key>
			<string>user.png</string>
			<key>sourceTree</key>
			<string>&lt;group&gt;</string>
		</dict>
		<key>F596F56F1926306300E1EAE4</key>
		<dict>
			<key>fileRef</key>
			<string>F596F5661926306300E1EAE4</string>
			<key>isa</key>
			<string>PBXBuildFile</string>
		</dict>
		<key>F596F5701926306300E1EAE4</key>
		<dict>
			<key>fileRef</key>
			<string>F596F56C1926306300E1EAE4</string>
			<key>isa</key>
			<string>PBXBuildFile</string>
		</dict>
		<key>F596F5711926306300E1EAE4</key>
		<dict>
			<key>fileRef</key>
			<string>F596F56D1926306300E1EAE4</string>
			<key>isa</key>
			<string>PBXBuildFile</string>
		</dict>
		<key>F596F5721926306300E1EAE4</key>
		<dict>
			<key>fileRef</key>
			<string>F596F56E1926306300E1EAE4</string>
			<key>isa</key>
			<string>PBXBuildFile</string>
		</dict>
		<key>F596F5731926308C00E1EAE4</key>
		<dict>
			<key>fileEncoding</key>
			<string>4</string>
			<key>isa</key>
			<string>PBXFileReference</string>
			<key>lastKnownFileType</key>
			<string>sourcecode.c.h</string>
			<key>path</key>
			<string>ToDoItem.h</string>
			<key>sourceTree</key>
			<string>&lt;group&gt;</string>
		</dict>
		<key>F596F5741926308C00E1EAE4</key>
		<dict>
			<key>fileEncoding</key>
			<string>4</string>
			<key>isa</key>
			<string>PBXFileReference</string>
			<key>lastKnownFileType</key>
			<string>sourcecode.c.objc</string>
			<key>path</key>
			<string>ToDoItem.m</string>
			<key>sourceTree</key>
			<string>&lt;group&gt;</string>
		</dict>
		<key>F596F5751926308C00E1EAE4</key>
		<dict>
			<key>fileRef</key>
			<string>F596F5741926308C00E1EAE4</string>
			<key>isa</key>
			<string>PBXBuildFile</string>
		</dict>
		<key>F596F5761926308D00E1EAE4</key>
		<dict>
			<key>fileEncoding</key>
			<string>4</string>
			<key>isa</key>
			<string>PBXFileReference</string>
			<key>lastKnownFileType</key>
			<string>sourcecode.c.h</string>
			<key>path</key>
			<string>Person.h</string>
			<key>sourceTree</key>
			<string>&lt;group&gt;</string>
		</dict>
		<key>F596F5771926308D00E1EAE4</key>
		<dict>
			<key>fileEncoding</key>
			<string>4</string>
			<key>isa</key>
			<string>PBXFileReference</string>
			<key>lastKnownFileType</key>
			<string>sourcecode.c.objc</string>
			<key>path</key>
			<string>Person.m</string>
			<key>sourceTree</key>
			<string>&lt;group&gt;</string>
		</dict>
		<key>F596F5781926308D00E1EAE4</key>
		<dict>
			<key>fileRef</key>
			<string>F596F5771926308D00E1EAE4</string>
			<key>isa</key>
			<string>PBXBuildFile</string>
		</dict>
		<key>F596F57C1926308D00E1EAE4</key>
		<dict>
			<key>fileEncoding</key>
			<string>4</string>
			<key>isa</key>
			<string>PBXFileReference</string>
			<key>lastKnownFileType</key>
			<string>sourcecode.c.h</string>
			<key>path</key>
			<string>AbstractPerson.h</string>
			<key>sourceTree</key>
			<string>&lt;group&gt;</string>
		</dict>
		<key>F596F57D1926308D00E1EAE4</key>
		<dict>
			<key>fileEncoding</key>
			<string>4</string>
			<key>isa</key>
			<string>PBXFileReference</string>
			<key>lastKnownFileType</key>
			<string>sourcecode.c.objc</string>
			<key>path</key>
			<string>AbstractPerson.m</string>
			<key>sourceTree</key>
			<string>&lt;group&gt;</string>
		</dict>
		<key>F596F57E1926308D00E1EAE4</key>
		<dict>
			<key>fileRef</key>
			<string>F596F57D1926308D00E1EAE4</string>
			<key>isa</key>
			<string>PBXBuildFile</string>
		</dict>
		<key>F596F57F192630AA00E1EAE4</key>
		<dict>
			<key>children</key>
			<array>
				<string>F596F580192630BC00E1EAE4</string>
				<string>F596F581192630BC00E1EAE4</string>
				<string>F596F582192630BC00E1EAE4</string>
				<string>F596F583192630BC00E1EAE4</string>
				<string>F596F584192630BC00E1EAE4</string>
				<string>F596F585192630BC00E1EAE4</string>
				<string>F596F586192630BC00E1EAE4</string>
			</array>
			<key>isa</key>
			<string>PBXGroup</string>
			<key>name</key>
			<string>FTASync</string>
			<key>sourceTree</key>
			<string>&lt;group&gt;</string>
		</dict>
		<key>F596F580192630BC00E1EAE4</key>
		<dict>
			<key>fileEncoding</key>
			<string>4</string>
			<key>isa</key>
			<string>PBXFileReference</string>
			<key>lastKnownFileType</key>
			<string>sourcecode.c.h</string>
			<key>name</key>
			<string>FTAParseSync.h</string>
			<key>path</key>
			<string>../../Source/FTAParseSync.h</string>
			<key>sourceTree</key>
			<string>&lt;group&gt;</string>
		</dict>
		<key>F596F581192630BC00E1EAE4</key>
		<dict>
			<key>fileEncoding</key>
			<string>4</string>
			<key>isa</key>
			<string>PBXFileReference</string>
			<key>lastKnownFileType</key>
			<string>sourcecode.c.objc</string>
			<key>name</key>
			<string>FTAParseSync.m</string>
			<key>path</key>
			<string>../../Source/FTAParseSync.m</string>
			<key>sourceTree</key>
			<string>&lt;group&gt;</string>
		</dict>
		<key>F596F582192630BC00E1EAE4</key>
		<dict>
			<key>fileEncoding</key>
			<string>4</string>
			<key>isa</key>
			<string>PBXFileReference</string>
			<key>lastKnownFileType</key>
			<string>sourcecode.c.h</string>
			<key>name</key>
			<string>FTASync.h</string>
			<key>path</key>
			<string>../../Source/FTASync.h</string>
			<key>sourceTree</key>
			<string>&lt;group&gt;</string>
		</dict>
		<key>F596F583192630BC00E1EAE4</key>
		<dict>
			<key>fileEncoding</key>
			<string>4</string>
			<key>isa</key>
			<string>PBXFileReference</string>
			<key>lastKnownFileType</key>
			<string>sourcecode.c.h</string>
			<key>name</key>
			<string>FTASyncHandler.h</string>
			<key>path</key>
			<string>../../Source/FTASyncHandler.h</string>
			<key>sourceTree</key>
			<string>&lt;group&gt;</string>
		</dict>
		<key>F596F584192630BC00E1EAE4</key>
		<dict>
			<key>fileEncoding</key>
			<string>4</string>
			<key>isa</key>
			<string>PBXFileReference</string>
			<key>lastKnownFileType</key>
			<string>sourcecode.c.objc</string>
			<key>name</key>
			<string>FTASyncHandler.m</string>
			<key>path</key>
			<string>../../Source/FTASyncHandler.m</string>
			<key>sourceTree</key>
			<string>&lt;group&gt;</string>
		</dict>
		<key>F596F585192630BC00E1EAE4</key>
		<dict>
			<key>fileEncoding</key>
			<string>4</string>
			<key>isa</key>
			<string>PBXFileReference</string>
			<key>lastKnownFileType</key>
			<string>sourcecode.c.h</string>
			<key>name</key>
			<string>FTASyncParent.h</string>
			<key>path</key>
			<string>../../Source/FTASyncParent.h</string>
			<key>sourceTree</key>
			<string>&lt;group&gt;</string>
		</dict>
		<key>F596F586192630BC00E1EAE4</key>
		<dict>
			<key>fileEncoding</key>
			<string>4</string>
			<key>isa</key>
			<string>PBXFileReference</string>
			<key>lastKnownFileType</key>
			<string>sourcecode.c.objc</string>
			<key>name</key>
			<string>FTASyncParent.m</string>
			<key>path</key>
			<string>../../Source/FTASyncParent.m</string>
			<key>sourceTree</key>
			<string>&lt;group&gt;</string>
		</dict>
		<key>F596F587192630BC00E1EAE4</key>
		<dict>
			<key>fileRef</key>
			<string>F596F581192630BC00E1EAE4</string>
			<key>isa</key>
			<string>PBXBuildFile</string>
		</dict>
		<key>F596F588192630BC00E1EAE4</key>
		<dict>
			<key>fileRef</key>
			<string>F596F584192630BC00E1EAE4</string>
			<key>isa</key>
			<string>PBXBuildFile</string>
		</dict>
		<key>F596F589192630BC00E1EAE4</key>
		<dict>
			<key>fileRef</key>
			<string>F596F586192630BC00E1EAE4</string>
			<key>isa</key>
			<string>PBXBuildFile</string>
		</dict>
	</dict>
	<key>rootObject</key>
	<string>F596F50B19262ED500E1EAE4</string>
</dict>
</plist>
